// !$*UTF8*$!
{
	archiveVersion = 1;
	classes = {
	};
	objectVersion = 51;
	objects = {

/* Begin PBXBuildFile section */
		231F26127224E56AB3706B4E /* Pods_camp_campUITests.framework in Frameworks */ = {isa = PBXBuildFile; fileRef = 3D1072867F4EB39306F7C67F /* Pods_camp_campUITests.framework */; };
		2363C57527D8785800A99F47 /* AppDelegate.swift in Sources */ = {isa = PBXBuildFile; fileRef = 2363C57427D8785800A99F47 /* AppDelegate.swift */; };
		2363C57727D8785800A99F47 /* SceneDelegate.swift in Sources */ = {isa = PBXBuildFile; fileRef = 2363C57627D8785800A99F47 /* SceneDelegate.swift */; };
		2363C57927D8785800A99F47 /* ViewController.swift in Sources */ = {isa = PBXBuildFile; fileRef = 2363C57827D8785800A99F47 /* ViewController.swift */; };
		2363C57C27D8785800A99F47 /* Main.storyboard in Resources */ = {isa = PBXBuildFile; fileRef = 2363C57A27D8785800A99F47 /* Main.storyboard */; };
		2363C57E27D8785900A99F47 /* Assets.xcassets in Resources */ = {isa = PBXBuildFile; fileRef = 2363C57D27D8785900A99F47 /* Assets.xcassets */; };
		2363C58127D8785900A99F47 /* LaunchScreen.storyboard in Resources */ = {isa = PBXBuildFile; fileRef = 2363C57F27D8785900A99F47 /* LaunchScreen.storyboard */; };
		2363C58C27D8785900A99F47 /* campTests.swift in Sources */ = {isa = PBXBuildFile; fileRef = 2363C58B27D8785900A99F47 /* campTests.swift */; };
		2363C59727D8785900A99F47 /* campUITests.swift in Sources */ = {isa = PBXBuildFile; fileRef = 2363C59627D8785900A99F47 /* campUITests.swift */; };
		238E0C3527E1BAED00B2A513 /* gaidoViewController.swift in Sources */ = {isa = PBXBuildFile; fileRef = 238E0C3427E1BAED00B2A513 /* gaidoViewController.swift */; };
		238E0C3A27E1BB3900B2A513 /* syousiaiViewController.swift in Sources */ = {isa = PBXBuildFile; fileRef = 238E0C3927E1BB3900B2A513 /* syousiaiViewController.swift */; };
		4B8C623B28FE72ED00168410 /* settingViewController.swift in Sources */ = {isa = PBXBuildFile; fileRef = 4B8C623A28FE72ED00168410 /* settingViewController.swift */; };
		4BC29A43296E8C3300582438 /* SettinghomeViewController.swift in Sources */ = {isa = PBXBuildFile; fileRef = 4BC29A42296E8C3300582438 /* SettinghomeViewController.swift */; };
		C012F9299F9FCFD2F5761D1F /* Pods_campTests.framework in Frameworks */ = {isa = PBXBuildFile; fileRef = 62DCE01EF14AF90E42CDAB9C /* Pods_campTests.framework */; };
		DD546BDC8061F172BCD74735 /* Pods_camp.framework in Frameworks */ = {isa = PBXBuildFile; fileRef = 8370FCF524EDBA7BD096DFEF /* Pods_camp.framework */; };
/* End PBXBuildFile section */

/* Begin PBXContainerItemProxy section */
		2363C58827D8785900A99F47 /* PBXContainerItemProxy */ = {
			isa = PBXContainerItemProxy;
			containerPortal = 2363C56927D8785800A99F47 /* Project object */;
			proxyType = 1;
			remoteGlobalIDString = 2363C57027D8785800A99F47;
			remoteInfo = camp;
		};
		2363C59327D8785900A99F47 /* PBXContainerItemProxy */ = {
			isa = PBXContainerItemProxy;
			containerPortal = 2363C56927D8785800A99F47 /* Project object */;
			proxyType = 1;
			remoteGlobalIDString = 2363C57027D8785800A99F47;
			remoteInfo = camp;
		};
/* End PBXContainerItemProxy section */

/* Begin PBXFileReference section */
		00F21D1BB2977420E7A753D8 /* Pods-campTests.release.xcconfig */ = {isa = PBXFileReference; includeInIndex = 1; lastKnownFileType = text.xcconfig; name = "Pods-campTests.release.xcconfig"; path = "Target Support Files/Pods-campTests/Pods-campTests.release.xcconfig"; sourceTree = "<group>"; };
		2363C57127D8785800A99F47 /* camp.app */ = {isa = PBXFileReference; explicitFileType = wrapper.application; includeInIndex = 0; path = camp.app; sourceTree = BUILT_PRODUCTS_DIR; };
		2363C57427D8785800A99F47 /* AppDelegate.swift */ = {isa = PBXFileReference; lastKnownFileType = sourcecode.swift; path = AppDelegate.swift; sourceTree = "<group>"; };
		2363C57627D8785800A99F47 /* SceneDelegate.swift */ = {isa = PBXFileReference; lastKnownFileType = sourcecode.swift; path = SceneDelegate.swift; sourceTree = "<group>"; };
		2363C57827D8785800A99F47 /* ViewController.swift */ = {isa = PBXFileReference; lastKnownFileType = sourcecode.swift; path = ViewController.swift; sourceTree = "<group>"; };
		2363C57B27D8785800A99F47 /* Base */ = {isa = PBXFileReference; lastKnownFileType = file.storyboard; name = Base; path = Base.lproj/Main.storyboard; sourceTree = "<group>"; };
		2363C57D27D8785900A99F47 /* Assets.xcassets */ = {isa = PBXFileReference; lastKnownFileType = folder.assetcatalog; path = Assets.xcassets; sourceTree = "<group>"; };
		2363C58027D8785900A99F47 /* Base */ = {isa = PBXFileReference; lastKnownFileType = file.storyboard; name = Base; path = Base.lproj/LaunchScreen.storyboard; sourceTree = "<group>"; };
		2363C58227D8785900A99F47 /* Info.plist */ = {isa = PBXFileReference; lastKnownFileType = text.plist.xml; path = Info.plist; sourceTree = "<group>"; };
		2363C58727D8785900A99F47 /* campTests.xctest */ = {isa = PBXFileReference; explicitFileType = wrapper.cfbundle; includeInIndex = 0; path = campTests.xctest; sourceTree = BUILT_PRODUCTS_DIR; };
		2363C58B27D8785900A99F47 /* campTests.swift */ = {isa = PBXFileReference; lastKnownFileType = sourcecode.swift; path = campTests.swift; sourceTree = "<group>"; };
		2363C58D27D8785900A99F47 /* Info.plist */ = {isa = PBXFileReference; lastKnownFileType = text.plist.xml; path = Info.plist; sourceTree = "<group>"; };
		2363C59227D8785900A99F47 /* campUITests.xctest */ = {isa = PBXFileReference; explicitFileType = wrapper.cfbundle; includeInIndex = 0; path = campUITests.xctest; sourceTree = BUILT_PRODUCTS_DIR; };
		2363C59627D8785900A99F47 /* campUITests.swift */ = {isa = PBXFileReference; lastKnownFileType = sourcecode.swift; path = campUITests.swift; sourceTree = "<group>"; };
		2363C59827D8785900A99F47 /* Info.plist */ = {isa = PBXFileReference; lastKnownFileType = text.plist.xml; path = Info.plist; sourceTree = "<group>"; };
		238E0C3427E1BAED00B2A513 /* gaidoViewController.swift */ = {isa = PBXFileReference; lastKnownFileType = sourcecode.swift; path = gaidoViewController.swift; sourceTree = "<group>"; };
		238E0C3927E1BB3900B2A513 /* syousiaiViewController.swift */ = {isa = PBXFileReference; lastKnownFileType = sourcecode.swift; path = syousiaiViewController.swift; sourceTree = "<group>"; };
		3900616D2A4D12362C0CF05B /* Pods-camp-campUITests.release.xcconfig */ = {isa = PBXFileReference; includeInIndex = 1; lastKnownFileType = text.xcconfig; name = "Pods-camp-campUITests.release.xcconfig"; path = "Target Support Files/Pods-camp-campUITests/Pods-camp-campUITests.release.xcconfig"; sourceTree = "<group>"; };
		3D1072867F4EB39306F7C67F /* Pods_camp_campUITests.framework */ = {isa = PBXFileReference; explicitFileType = wrapper.framework; includeInIndex = 0; path = Pods_camp_campUITests.framework; sourceTree = BUILT_PRODUCTS_DIR; };
		4B8C623628FE725B00168410 /* camp-Bridging-Header.h */ = {isa = PBXFileReference; lastKnownFileType = sourcecode.c.h; path = "camp-Bridging-Header.h"; sourceTree = "<group>"; };
		4B8C623A28FE72ED00168410 /* settingViewController.swift */ = {isa = PBXFileReference; lastKnownFileType = sourcecode.swift; path = settingViewController.swift; sourceTree = "<group>"; };
		4BC29A42296E8C3300582438 /* SettinghomeViewController.swift */ = {isa = PBXFileReference; lastKnownFileType = sourcecode.swift; path = SettinghomeViewController.swift; sourceTree = "<group>"; };
		62DCE01EF14AF90E42CDAB9C /* Pods_campTests.framework */ = {isa = PBXFileReference; explicitFileType = wrapper.framework; includeInIndex = 0; path = Pods_campTests.framework; sourceTree = BUILT_PRODUCTS_DIR; };
		8370FCF524EDBA7BD096DFEF /* Pods_camp.framework */ = {isa = PBXFileReference; explicitFileType = wrapper.framework; includeInIndex = 0; path = Pods_camp.framework; sourceTree = BUILT_PRODUCTS_DIR; };
		9F4E9C19B65C252B9B09FA8A /* Pods-camp.release.xcconfig */ = {isa = PBXFileReference; includeInIndex = 1; lastKnownFileType = text.xcconfig; name = "Pods-camp.release.xcconfig"; path = "Target Support Files/Pods-camp/Pods-camp.release.xcconfig"; sourceTree = "<group>"; };
		C101E666D4C3FCE25146DBF8 /* Pods-camp-campUITests.debug.xcconfig */ = {isa = PBXFileReference; includeInIndex = 1; lastKnownFileType = text.xcconfig; name = "Pods-camp-campUITests.debug.xcconfig"; path = "Target Support Files/Pods-camp-campUITests/Pods-camp-campUITests.debug.xcconfig"; sourceTree = "<group>"; };
		CFFCB91B25F94A198221F024 /* Pods-camp.debug.xcconfig */ = {isa = PBXFileReference; includeInIndex = 1; lastKnownFileType = text.xcconfig; name = "Pods-camp.debug.xcconfig"; path = "Target Support Files/Pods-camp/Pods-camp.debug.xcconfig"; sourceTree = "<group>"; };
		E7E94D1D41096B98F47B05B9 /* Pods-campTests.debug.xcconfig */ = {isa = PBXFileReference; includeInIndex = 1; lastKnownFileType = text.xcconfig; name = "Pods-campTests.debug.xcconfig"; path = "Target Support Files/Pods-campTests/Pods-campTests.debug.xcconfig"; sourceTree = "<group>"; };
/* End PBXFileReference section */

/* Begin PBXFrameworksBuildPhase section */
		2363C56E27D8785800A99F47 /* Frameworks */ = {
			isa = PBXFrameworksBuildPhase;
			buildActionMask = 2147483647;
			files = (
				DD546BDC8061F172BCD74735 /* Pods_camp.framework in Frameworks */,
			);
			runOnlyForDeploymentPostprocessing = 0;
		};
		2363C58427D8785900A99F47 /* Frameworks */ = {
			isa = PBXFrameworksBuildPhase;
			buildActionMask = 2147483647;
			files = (
				C012F9299F9FCFD2F5761D1F /* Pods_campTests.framework in Frameworks */,
			);
			runOnlyForDeploymentPostprocessing = 0;
		};
		2363C58F27D8785900A99F47 /* Frameworks */ = {
			isa = PBXFrameworksBuildPhase;
			buildActionMask = 2147483647;
			files = (
				231F26127224E56AB3706B4E /* Pods_camp_campUITests.framework in Frameworks */,
			);
			runOnlyForDeploymentPostprocessing = 0;
		};
/* End PBXFrameworksBuildPhase section */

/* Begin PBXGroup section */
		2363C56827D8785800A99F47 = {
			isa = PBXGroup;
			children = (
				2363C57327D8785800A99F47 /* camp */,
				2363C58A27D8785900A99F47 /* campTests */,
				2363C59527D8785900A99F47 /* campUITests */,
				2363C57227D8785800A99F47 /* Products */,
				3DDB67B2B118903F22A98D53 /* Pods */,
				94142A76DD50C7AED915771F /* Frameworks */,
			);
			sourceTree = "<group>";
		};
		2363C57227D8785800A99F47 /* Products */ = {
			isa = PBXGroup;
			children = (
				2363C57127D8785800A99F47 /* camp.app */,
				2363C58727D8785900A99F47 /* campTests.xctest */,
				2363C59227D8785900A99F47 /* campUITests.xctest */,
			);
			name = Products;
			sourceTree = "<group>";
		};
		2363C57327D8785800A99F47 /* camp */ = {
			isa = PBXGroup;
			children = (
				2363C57427D8785800A99F47 /* AppDelegate.swift */,
				2363C57627D8785800A99F47 /* SceneDelegate.swift */,
				2363C57827D8785800A99F47 /* ViewController.swift */,
				2363C57A27D8785800A99F47 /* Main.storyboard */,
				238E0C3427E1BAED00B2A513 /* gaidoViewController.swift */,
				238E0C3927E1BB3900B2A513 /* syousiaiViewController.swift */,
				4B8C623A28FE72ED00168410 /* settingViewController.swift */,
				4BC29A42296E8C3300582438 /* SettinghomeViewController.swift */,
				2363C57D27D8785900A99F47 /* Assets.xcassets */,
				2363C57F27D8785900A99F47 /* LaunchScreen.storyboard */,
				2363C58227D8785900A99F47 /* Info.plist */,
				4B8C623628FE725B00168410 /* camp-Bridging-Header.h */,
			);
			path = camp;
			sourceTree = "<group>";
		};
		2363C58A27D8785900A99F47 /* campTests */ = {
			isa = PBXGroup;
			children = (
				2363C58B27D8785900A99F47 /* campTests.swift */,
				2363C58D27D8785900A99F47 /* Info.plist */,
			);
			path = campTests;
			sourceTree = "<group>";
		};
		2363C59527D8785900A99F47 /* campUITests */ = {
			isa = PBXGroup;
			children = (
				2363C59627D8785900A99F47 /* campUITests.swift */,
				2363C59827D8785900A99F47 /* Info.plist */,
			);
			path = campUITests;
			sourceTree = "<group>";
		};
		3DDB67B2B118903F22A98D53 /* Pods */ = {
			isa = PBXGroup;
			children = (
				CFFCB91B25F94A198221F024 /* Pods-camp.debug.xcconfig */,
				9F4E9C19B65C252B9B09FA8A /* Pods-camp.release.xcconfig */,
				C101E666D4C3FCE25146DBF8 /* Pods-camp-campUITests.debug.xcconfig */,
				3900616D2A4D12362C0CF05B /* Pods-camp-campUITests.release.xcconfig */,
				E7E94D1D41096B98F47B05B9 /* Pods-campTests.debug.xcconfig */,
				00F21D1BB2977420E7A753D8 /* Pods-campTests.release.xcconfig */,
			);
			path = Pods;
			sourceTree = "<group>";
		};
		94142A76DD50C7AED915771F /* Frameworks */ = {
			isa = PBXGroup;
			children = (
				8370FCF524EDBA7BD096DFEF /* Pods_camp.framework */,
				3D1072867F4EB39306F7C67F /* Pods_camp_campUITests.framework */,
				62DCE01EF14AF90E42CDAB9C /* Pods_campTests.framework */,
			);
			name = Frameworks;
			sourceTree = "<group>";
		};
/* End PBXGroup section */

/* Begin PBXNativeTarget section */
		2363C57027D8785800A99F47 /* camp */ = {
			isa = PBXNativeTarget;
			buildConfigurationList = 2363C59B27D8785900A99F47 /* Build configuration list for PBXNativeTarget "camp" */;
			buildPhases = (
				5AB7B3949C6C18CAC9A62BE7 /* [CP] Check Pods Manifest.lock */,
				2363C56D27D8785800A99F47 /* Sources */,
				2363C56E27D8785800A99F47 /* Frameworks */,
				2363C56F27D8785800A99F47 /* Resources */,
				88FFE4B98C4EDA57AB30B10A /* [CP] Embed Pods Frameworks */,
			);
			buildRules = (
			);
			dependencies = (
			);
			name = camp;
			productName = camp;
			productReference = 2363C57127D8785800A99F47 /* camp.app */;
			productType = "com.apple.product-type.application";
		};
		2363C58627D8785900A99F47 /* campTests */ = {
			isa = PBXNativeTarget;
			buildConfigurationList = 2363C59E27D8785900A99F47 /* Build configuration list for PBXNativeTarget "campTests" */;
			buildPhases = (
				5E97B7FECF4FABA6A9993AE5 /* [CP] Check Pods Manifest.lock */,
				2363C58327D8785900A99F47 /* Sources */,
				2363C58427D8785900A99F47 /* Frameworks */,
				2363C58527D8785900A99F47 /* Resources */,
			);
			buildRules = (
			);
			dependencies = (
				2363C58927D8785900A99F47 /* PBXTargetDependency */,
			);
			name = campTests;
			productName = campTests;
			productReference = 2363C58727D8785900A99F47 /* campTests.xctest */;
			productType = "com.apple.product-type.bundle.unit-test";
		};
		2363C59127D8785900A99F47 /* campUITests */ = {
			isa = PBXNativeTarget;
			buildConfigurationList = 2363C5A127D8785900A99F47 /* Build configuration list for PBXNativeTarget "campUITests" */;
			buildPhases = (
				9EFD62A10F593A22DCC6D86C /* [CP] Check Pods Manifest.lock */,
				2363C58E27D8785900A99F47 /* Sources */,
				2363C58F27D8785900A99F47 /* Frameworks */,
				2363C59027D8785900A99F47 /* Resources */,
				5A60284F2B6964AECE9D1985 /* [CP] Embed Pods Frameworks */,
			);
			buildRules = (
			);
			dependencies = (
				2363C59427D8785900A99F47 /* PBXTargetDependency */,
			);
			name = campUITests;
			productName = campUITests;
			productReference = 2363C59227D8785900A99F47 /* campUITests.xctest */;
			productType = "com.apple.product-type.bundle.ui-testing";
		};
/* End PBXNativeTarget section */

/* Begin PBXProject section */
		2363C56927D8785800A99F47 /* Project object */ = {
			isa = PBXProject;
			attributes = {
				LastSwiftUpdateCheck = 1240;
				LastUpgradeCheck = 1240;
				TargetAttributes = {
					2363C57027D8785800A99F47 = {
						CreatedOnToolsVersion = 12.4;
						LastSwiftMigration = 1340;
					};
					2363C58627D8785900A99F47 = {
						CreatedOnToolsVersion = 12.4;
						TestTargetID = 2363C57027D8785800A99F47;
					};
					2363C59127D8785900A99F47 = {
						CreatedOnToolsVersion = 12.4;
						TestTargetID = 2363C57027D8785800A99F47;
					};
				};
			};
			buildConfigurationList = 2363C56C27D8785800A99F47 /* Build configuration list for PBXProject "camp" */;
			compatibilityVersion = "Xcode 9.3";
			developmentRegion = en;
			hasScannedForEncodings = 0;
			knownRegions = (
				en,
				Base,
			);
			mainGroup = 2363C56827D8785800A99F47;
			productRefGroup = 2363C57227D8785800A99F47 /* Products */;
			projectDirPath = "";
			projectRoot = "";
			targets = (
				2363C57027D8785800A99F47 /* camp */,
				2363C58627D8785900A99F47 /* campTests */,
				2363C59127D8785900A99F47 /* campUITests */,
			);
		};
/* End PBXProject section */

/* Begin PBXResourcesBuildPhase section */
		2363C56F27D8785800A99F47 /* Resources */ = {
			isa = PBXResourcesBuildPhase;
			buildActionMask = 2147483647;
			files = (
				2363C58127D8785900A99F47 /* LaunchScreen.storyboard in Resources */,
				2363C57E27D8785900A99F47 /* Assets.xcassets in Resources */,
				2363C57C27D8785800A99F47 /* Main.storyboard in Resources */,
			);
			runOnlyForDeploymentPostprocessing = 0;
		};
		2363C58527D8785900A99F47 /* Resources */ = {
			isa = PBXResourcesBuildPhase;
			buildActionMask = 2147483647;
			files = (
			);
			runOnlyForDeploymentPostprocessing = 0;
		};
		2363C59027D8785900A99F47 /* Resources */ = {
			isa = PBXResourcesBuildPhase;
			buildActionMask = 2147483647;
			files = (
			);
			runOnlyForDeploymentPostprocessing = 0;
		};
/* End PBXResourcesBuildPhase section */

/* Begin PBXShellScriptBuildPhase section */
		5A60284F2B6964AECE9D1985 /* [CP] Embed Pods Frameworks */ = {
			isa = PBXShellScriptBuildPhase;
			buildActionMask = 2147483647;
			files = (
			);
			inputFileListPaths = (
				"${PODS_ROOT}/Target Support Files/Pods-camp-campUITests/Pods-camp-campUITests-frameworks-${CONFIGURATION}-input-files.xcfilelist",
			);
			name = "[CP] Embed Pods Frameworks";
			outputFileListPaths = (
				"${PODS_ROOT}/Target Support Files/Pods-camp-campUITests/Pods-camp-campUITests-frameworks-${CONFIGURATION}-output-files.xcfilelist",
			);
			runOnlyForDeploymentPostprocessing = 0;
			shellPath = /bin/sh;
			shellScript = "\"${PODS_ROOT}/Target Support Files/Pods-camp-campUITests/Pods-camp-campUITests-frameworks.sh\"\n";
			showEnvVarsInLog = 0;
		};
		5AB7B3949C6C18CAC9A62BE7 /* [CP] Check Pods Manifest.lock */ = {
			isa = PBXShellScriptBuildPhase;
			buildActionMask = 2147483647;
			files = (
			);
			inputFileListPaths = (
			);
			inputPaths = (
				"${PODS_PODFILE_DIR_PATH}/Podfile.lock",
				"${PODS_ROOT}/Manifest.lock",
			);
			name = "[CP] Check Pods Manifest.lock";
			outputFileListPaths = (
			);
			outputPaths = (
				"$(DERIVED_FILE_DIR)/Pods-camp-checkManifestLockResult.txt",
			);
			runOnlyForDeploymentPostprocessing = 0;
			shellPath = /bin/sh;
			shellScript = "diff \"${PODS_PODFILE_DIR_PATH}/Podfile.lock\" \"${PODS_ROOT}/Manifest.lock\" > /dev/null\nif [ $? != 0 ] ; then\n    # print error to STDERR\n    echo \"error: The sandbox is not in sync with the Podfile.lock. Run 'pod install' or update your CocoaPods installation.\" >&2\n    exit 1\nfi\n# This output is used by Xcode 'outputs' to avoid re-running this script phase.\necho \"SUCCESS\" > \"${SCRIPT_OUTPUT_FILE_0}\"\n";
			showEnvVarsInLog = 0;
		};
		5E97B7FECF4FABA6A9993AE5 /* [CP] Check Pods Manifest.lock */ = {
			isa = PBXShellScriptBuildPhase;
			buildActionMask = 2147483647;
			files = (
			);
			inputFileListPaths = (
			);
			inputPaths = (
				"${PODS_PODFILE_DIR_PATH}/Podfile.lock",
				"${PODS_ROOT}/Manifest.lock",
			);
			name = "[CP] Check Pods Manifest.lock";
			outputFileListPaths = (
			);
			outputPaths = (
				"$(DERIVED_FILE_DIR)/Pods-campTests-checkManifestLockResult.txt",
			);
			runOnlyForDeploymentPostprocessing = 0;
			shellPath = /bin/sh;
			shellScript = "diff \"${PODS_PODFILE_DIR_PATH}/Podfile.lock\" \"${PODS_ROOT}/Manifest.lock\" > /dev/null\nif [ $? != 0 ] ; then\n    # print error to STDERR\n    echo \"error: The sandbox is not in sync with the Podfile.lock. Run 'pod install' or update your CocoaPods installation.\" >&2\n    exit 1\nfi\n# This output is used by Xcode 'outputs' to avoid re-running this script phase.\necho \"SUCCESS\" > \"${SCRIPT_OUTPUT_FILE_0}\"\n";
			showEnvVarsInLog = 0;
		};
		88FFE4B98C4EDA57AB30B10A /* [CP] Embed Pods Frameworks */ = {
			isa = PBXShellScriptBuildPhase;
			buildActionMask = 2147483647;
			files = (
			);
			inputFileListPaths = (
				"${PODS_ROOT}/Target Support Files/Pods-camp/Pods-camp-frameworks-${CONFIGURATION}-input-files.xcfilelist",
			);
			name = "[CP] Embed Pods Frameworks";
			outputFileListPaths = (
				"${PODS_ROOT}/Target Support Files/Pods-camp/Pods-camp-frameworks-${CONFIGURATION}-output-files.xcfilelist",
			);
			runOnlyForDeploymentPostprocessing = 0;
			shellPath = /bin/sh;
			shellScript = "\"${PODS_ROOT}/Target Support Files/Pods-camp/Pods-camp-frameworks.sh\"\n";
			showEnvVarsInLog = 0;
		};
		9EFD62A10F593A22DCC6D86C /* [CP] Check Pods Manifest.lock */ = {
			isa = PBXShellScriptBuildPhase;
			buildActionMask = 2147483647;
			files = (
			);
			inputFileListPaths = (
			);
			inputPaths = (
				"${PODS_PODFILE_DIR_PATH}/Podfile.lock",
				"${PODS_ROOT}/Manifest.lock",
			);
			name = "[CP] Check Pods Manifest.lock";
			outputFileListPaths = (
			);
			outputPaths = (
				"$(DERIVED_FILE_DIR)/Pods-camp-campUITests-checkManifestLockResult.txt",
			);
			runOnlyForDeploymentPostprocessing = 0;
			shellPath = /bin/sh;
			shellScript = "diff \"${PODS_PODFILE_DIR_PATH}/Podfile.lock\" \"${PODS_ROOT}/Manifest.lock\" > /dev/null\nif [ $? != 0 ] ; then\n    # print error to STDERR\n    echo \"error: The sandbox is not in sync with the Podfile.lock. Run 'pod install' or update your CocoaPods installation.\" >&2\n    exit 1\nfi\n# This output is used by Xcode 'outputs' to avoid re-running this script phase.\necho \"SUCCESS\" > \"${SCRIPT_OUTPUT_FILE_0}\"\n";
			showEnvVarsInLog = 0;
		};
/* End PBXShellScriptBuildPhase section */

/* Begin PBXSourcesBuildPhase section */
		2363C56D27D8785800A99F47 /* Sources */ = {
			isa = PBXSourcesBuildPhase;
			buildActionMask = 2147483647;
			files = (
				2363C57927D8785800A99F47 /* ViewController.swift in Sources */,
				2363C57527D8785800A99F47 /* AppDelegate.swift in Sources */,
				4BC29A43296E8C3300582438 /* SettinghomeViewController.swift in Sources */,
				238E0C3A27E1BB3900B2A513 /* syousiaiViewController.swift in Sources */,
				2363C57727D8785800A99F47 /* SceneDelegate.swift in Sources */,
				238E0C3527E1BAED00B2A513 /* gaidoViewController.swift in Sources */,
				4B8C623B28FE72ED00168410 /* settingViewController.swift in Sources */,
			);
			runOnlyForDeploymentPostprocessing = 0;
		};
		2363C58327D8785900A99F47 /* Sources */ = {
			isa = PBXSourcesBuildPhase;
			buildActionMask = 2147483647;
			files = (
				2363C58C27D8785900A99F47 /* campTests.swift in Sources */,
			);
			runOnlyForDeploymentPostprocessing = 0;
		};
		2363C58E27D8785900A99F47 /* Sources */ = {
			isa = PBXSourcesBuildPhase;
			buildActionMask = 2147483647;
			files = (
				2363C59727D8785900A99F47 /* campUITests.swift in Sources */,
			);
			runOnlyForDeploymentPostprocessing = 0;
		};
/* End PBXSourcesBuildPhase section */

/* Begin PBXTargetDependency section */
		2363C58927D8785900A99F47 /* PBXTargetDependency */ = {
			isa = PBXTargetDependency;
			target = 2363C57027D8785800A99F47 /* camp */;
			targetProxy = 2363C58827D8785900A99F47 /* PBXContainerItemProxy */;
		};
		2363C59427D8785900A99F47 /* PBXTargetDependency */ = {
			isa = PBXTargetDependency;
			target = 2363C57027D8785800A99F47 /* camp */;
			targetProxy = 2363C59327D8785900A99F47 /* PBXContainerItemProxy */;
		};
/* End PBXTargetDependency section */

/* Begin PBXVariantGroup section */
		2363C57A27D8785800A99F47 /* Main.storyboard */ = {
			isa = PBXVariantGroup;
			children = (
				2363C57B27D8785800A99F47 /* Base */,
			);
			name = Main.storyboard;
			sourceTree = "<group>";
		};
		2363C57F27D8785900A99F47 /* LaunchScreen.storyboard */ = {
			isa = PBXVariantGroup;
			children = (
				2363C58027D8785900A99F47 /* Base */,
			);
			name = LaunchScreen.storyboard;
			sourceTree = "<group>";
		};
/* End PBXVariantGroup section */

/* Begin XCBuildConfiguration section */
		2363C59927D8785900A99F47 /* Debug */ = {
			isa = XCBuildConfiguration;
			buildSettings = {
				ALWAYS_SEARCH_USER_PATHS = NO;
				CLANG_ANALYZER_NONNULL = YES;
				CLANG_ANALYZER_NUMBER_OBJECT_CONVERSION = YES_AGGRESSIVE;
				CLANG_CXX_LANGUAGE_STANDARD = "gnu++14";
				CLANG_CXX_LIBRARY = "libc++";
				CLANG_ENABLE_MODULES = YES;
				CLANG_ENABLE_OBJC_ARC = YES;
				CLANG_ENABLE_OBJC_WEAK = YES;
				CLANG_WARN_BLOCK_CAPTURE_AUTORELEASING = YES;
				CLANG_WARN_BOOL_CONVERSION = YES;
				CLANG_WARN_COMMA = YES;
				CLANG_WARN_CONSTANT_CONVERSION = YES;
				CLANG_WARN_DEPRECATED_OBJC_IMPLEMENTATIONS = YES;
				CLANG_WARN_DIRECT_OBJC_ISA_USAGE = YES_ERROR;
				CLANG_WARN_DOCUMENTATION_COMMENTS = YES;
				CLANG_WARN_EMPTY_BODY = YES;
				CLANG_WARN_ENUM_CONVERSION = YES;
				CLANG_WARN_INFINITE_RECURSION = YES;
				CLANG_WARN_INT_CONVERSION = YES;
				CLANG_WARN_NON_LITERAL_NULL_CONVERSION = YES;
				CLANG_WARN_OBJC_IMPLICIT_RETAIN_SELF = YES;
				CLANG_WARN_OBJC_LITERAL_CONVERSION = YES;
				CLANG_WARN_OBJC_ROOT_CLASS = YES_ERROR;
				CLANG_WARN_QUOTED_INCLUDE_IN_FRAMEWORK_HEADER = YES;
				CLANG_WARN_RANGE_LOOP_ANALYSIS = YES;
				CLANG_WARN_STRICT_PROTOTYPES = YES;
				CLANG_WARN_SUSPICIOUS_MOVE = YES;
				CLANG_WARN_UNGUARDED_AVAILABILITY = YES_AGGRESSIVE;
				CLANG_WARN_UNREACHABLE_CODE = YES;
				CLANG_WARN__DUPLICATE_METHOD_MATCH = YES;
				COPY_PHASE_STRIP = NO;
				DEBUG_INFORMATION_FORMAT = dwarf;
				ENABLE_STRICT_OBJC_MSGSEND = YES;
				ENABLE_TESTABILITY = YES;
				GCC_C_LANGUAGE_STANDARD = gnu11;
				GCC_DYNAMIC_NO_PIC = NO;
				GCC_NO_COMMON_BLOCKS = YES;
				GCC_OPTIMIZATION_LEVEL = 0;
				GCC_PREPROCESSOR_DEFINITIONS = (
					"DEBUG=1",
					"$(inherited)",
				);
				GCC_WARN_64_TO_32_BIT_CONVERSION = YES;
				GCC_WARN_ABOUT_RETURN_TYPE = YES_ERROR;
				GCC_WARN_UNDECLARED_SELECTOR = YES;
				GCC_WARN_UNINITIALIZED_AUTOS = YES_AGGRESSIVE;
				GCC_WARN_UNUSED_FUNCTION = YES;
				GCC_WARN_UNUSED_VARIABLE = YES;
				IPHONEOS_DEPLOYMENT_TARGET = 14.4;
				MTL_ENABLE_DEBUG_INFO = INCLUDE_SOURCE;
				MTL_FAST_MATH = YES;
				ONLY_ACTIVE_ARCH = YES;
				SDKROOT = iphoneos;
				SWIFT_ACTIVE_COMPILATION_CONDITIONS = DEBUG;
				SWIFT_OPTIMIZATION_LEVEL = "-Onone";
			};
			name = Debug;
		};
		2363C59A27D8785900A99F47 /* Release */ = {
			isa = XCBuildConfiguration;
			buildSettings = {
				ALWAYS_SEARCH_USER_PATHS = NO;
				CLANG_ANALYZER_NONNULL = YES;
				CLANG_ANALYZER_NUMBER_OBJECT_CONVERSION = YES_AGGRESSIVE;
				CLANG_CXX_LANGUAGE_STANDARD = "gnu++14";
				CLANG_CXX_LIBRARY = "libc++";
				CLANG_ENABLE_MODULES = YES;
				CLANG_ENABLE_OBJC_ARC = YES;
				CLANG_ENABLE_OBJC_WEAK = YES;
				CLANG_WARN_BLOCK_CAPTURE_AUTORELEASING = YES;
				CLANG_WARN_BOOL_CONVERSION = YES;
				CLANG_WARN_COMMA = YES;
				CLANG_WARN_CONSTANT_CONVERSION = YES;
				CLANG_WARN_DEPRECATED_OBJC_IMPLEMENTATIONS = YES;
				CLANG_WARN_DIRECT_OBJC_ISA_USAGE = YES_ERROR;
				CLANG_WARN_DOCUMENTATION_COMMENTS = YES;
				CLANG_WARN_EMPTY_BODY = YES;
				CLANG_WARN_ENUM_CONVERSION = YES;
				CLANG_WARN_INFINITE_RECURSION = YES;
				CLANG_WARN_INT_CONVERSION = YES;
				CLANG_WARN_NON_LITERAL_NULL_CONVERSION = YES;
				CLANG_WARN_OBJC_IMPLICIT_RETAIN_SELF = YES;
				CLANG_WARN_OBJC_LITERAL_CONVERSION = YES;
				CLANG_WARN_OBJC_ROOT_CLASS = YES_ERROR;
				CLANG_WARN_QUOTED_INCLUDE_IN_FRAMEWORK_HEADER = YES;
				CLANG_WARN_RANGE_LOOP_ANALYSIS = YES;
				CLANG_WARN_STRICT_PROTOTYPES = YES;
				CLANG_WARN_SUSPICIOUS_MOVE = YES;
				CLANG_WARN_UNGUARDED_AVAILABILITY = YES_AGGRESSIVE;
				CLANG_WARN_UNREACHABLE_CODE = YES;
				CLANG_WARN__DUPLICATE_METHOD_MATCH = YES;
				COPY_PHASE_STRIP = NO;
				DEBUG_INFORMATION_FORMAT = "dwarf-with-dsym";
				ENABLE_NS_ASSERTIONS = NO;
				ENABLE_STRICT_OBJC_MSGSEND = YES;
				GCC_C_LANGUAGE_STANDARD = gnu11;
				GCC_NO_COMMON_BLOCKS = YES;
				GCC_WARN_64_TO_32_BIT_CONVERSION = YES;
				GCC_WARN_ABOUT_RETURN_TYPE = YES_ERROR;
				GCC_WARN_UNDECLARED_SELECTOR = YES;
				GCC_WARN_UNINITIALIZED_AUTOS = YES_AGGRESSIVE;
				GCC_WARN_UNUSED_FUNCTION = YES;
				GCC_WARN_UNUSED_VARIABLE = YES;
				IPHONEOS_DEPLOYMENT_TARGET = 14.4;
				MTL_ENABLE_DEBUG_INFO = NO;
				MTL_FAST_MATH = YES;
				SDKROOT = iphoneos;
				SWIFT_COMPILATION_MODE = wholemodule;
				SWIFT_OPTIMIZATION_LEVEL = "-O";
				VALIDATE_PRODUCT = YES;
			};
			name = Release;
		};
		2363C59C27D8785900A99F47 /* Debug */ = {
			isa = XCBuildConfiguration;
			baseConfigurationReference = CFFCB91B25F94A198221F024 /* Pods-camp.debug.xcconfig */;
			buildSettings = {
				ASSETCATALOG_COMPILER_APPICON_NAME = AppIcon;
				ASSETCATALOG_COMPILER_GLOBAL_ACCENT_COLOR_NAME = AccentColor;
				CLANG_ENABLE_MODULES = YES;
				CODE_SIGN_STYLE = Automatic;
				INFOPLIST_FILE = camp/Info.plist;
				LD_RUNPATH_SEARCH_PATHS = (
					"$(inherited)",
					"@executable_path/Frameworks",
				);
				PRODUCT_BUNDLE_IDENTIFIER = RyotaKishimoto.camp;
				PRODUCT_NAME = "$(TARGET_NAME)";
				SWIFT_OBJC_BRIDGING_HEADER = "camp/camp-Bridging-Header.h";
				SWIFT_OPTIMIZATION_LEVEL = "-Onone";
				SWIFT_VERSION = 5.0;
				TARGETED_DEVICE_FAMILY = "1,2";
			};
			name = Debug;
		};
		2363C59D27D8785900A99F47 /* Release */ = {
			isa = XCBuildConfiguration;
			baseConfigurationReference = 9F4E9C19B65C252B9B09FA8A /* Pods-camp.release.xcconfig */;
			buildSettings = {
				ASSETCATALOG_COMPILER_APPICON_NAME = AppIcon;
				ASSETCATALOG_COMPILER_GLOBAL_ACCENT_COLOR_NAME = AccentColor;
				CLANG_ENABLE_MODULES = YES;
				CODE_SIGN_STYLE = Automatic;
				INFOPLIST_FILE = camp/Info.plist;
				LD_RUNPATH_SEARCH_PATHS = (
					"$(inherited)",
					"@executable_path/Frameworks",
				);
				PRODUCT_BUNDLE_IDENTIFIER = RyotaKishimoto.camp;
				PRODUCT_NAME = "$(TARGET_NAME)";
				SWIFT_OBJC_BRIDGING_HEADER = "camp/camp-Bridging-Header.h";
				SWIFT_VERSION = 5.0;
				TARGETED_DEVICE_FAMILY = "1,2";
			};
			name = Release;
		};
		2363C59F27D8785900A99F47 /* Debug */ = {
			isa = XCBuildConfiguration;
			baseConfigurationReference = E7E94D1D41096B98F47B05B9 /* Pods-campTests.debug.xcconfig */;
			buildSettings = {
				ALWAYS_EMBED_SWIFT_STANDARD_LIBRARIES = YES;
				BUNDLE_LOADER = "$(TEST_HOST)";
				CODE_SIGN_STYLE = Automatic;
				INFOPLIST_FILE = campTests/Info.plist;
				IPHONEOS_DEPLOYMENT_TARGET = 14.4;
				LD_RUNPATH_SEARCH_PATHS = (
					"$(inherited)",
					"@executable_path/Frameworks",
					"@loader_path/Frameworks",
				);
				PRODUCT_BUNDLE_IDENTIFIER = RyotaKishimoto.campTests;
				PRODUCT_NAME = "$(TARGET_NAME)";
				SWIFT_VERSION = 5.0;
				TARGETED_DEVICE_FAMILY = "1,2";
				TEST_HOST = "$(BUILT_PRODUCTS_DIR)/camp.app/camp";
			};
			name = Debug;
		};
		2363C5A027D8785900A99F47 /* Release */ = {
			isa = XCBuildConfiguration;
			baseConfigurationReference = 00F21D1BB2977420E7A753D8 /* Pods-campTests.release.xcconfig */;
			buildSettings = {
				ALWAYS_EMBED_SWIFT_STANDARD_LIBRARIES = YES;
				BUNDLE_LOADER = "$(TEST_HOST)";
				CODE_SIGN_STYLE = Automatic;
				INFOPLIST_FILE = campTests/Info.plist;
				IPHONEOS_DEPLOYMENT_TARGET = 14.4;
				LD_RUNPATH_SEARCH_PATHS = (
					"$(inherited)",
					"@executable_path/Frameworks",
					"@loader_path/Frameworks",
				);
				PRODUCT_BUNDLE_IDENTIFIER = RyotaKishimoto.campTests;
				PRODUCT_NAME = "$(TARGET_NAME)";
				SWIFT_VERSION = 5.0;
				TARGETED_DEVICE_FAMILY = "1,2";
				TEST_HOST = "$(BUILT_PRODUCTS_DIR)/camp.app/camp";
			};
			name = Release;
		};
		2363C5A227D8785900A99F47 /* Debug */ = {
			isa = XCBuildConfiguration;
			baseConfigurationReference = C101E666D4C3FCE25146DBF8 /* Pods-camp-campUITests.debug.xcconfig */;
			buildSettings = {
				ALWAYS_EMBED_SWIFT_STANDARD_LIBRARIES = YES;
				CODE_SIGN_STYLE = Automatic;
				INFOPLIST_FILE = campUITests/Info.plist;
				LD_RUNPATH_SEARCH_PATHS = (
					"$(inherited)",
					"@executable_path/Frameworks",
					"@loader_path/Frameworks",
				);
				PRODUCT_BUNDLE_IDENTIFIER = RyotaKishimoto.campUITests;
				PRODUCT_NAME = "$(TARGET_NAME)";
				SWIFT_VERSION = 5.0;
				TARGETED_DEVICE_FAMILY = "1,2";
				TEST_TARGET_NAME = camp;
			};
			name = Debug;
		};
		2363C5A327D8785900A99F47 /* Release */ = {
			isa = XCBuildConfiguration;
			baseConfigurationReference = 3900616D2A4D12362C0CF05B /* Pods-camp-campUITests.release.xcconfig */;
			buildSettings = {
				ALWAYS_EMBED_SWIFT_STANDARD_LIBRARIES = YES;
				CODE_SIGN_STYLE = Automatic;
				INFOPLIST_FILE = campUITests/Info.plist;
				LD_RUNPATH_SEARCH_PATHS = (
					"$(inherited)",
					"@executable_path/Frameworks",
					"@loader_path/Frameworks",
				);
				PRODUCT_BUNDLE_IDENTIFIER = RyotaKishimoto.campUITests;
				PRODUCT_NAME = "$(TARGET_NAME)";
				SWIFT_VERSION = 5.0;
				TARGETED_DEVICE_FAMILY = "1,2";
				TEST_TARGET_NAME = camp;
			};
			name = Release;
		};
/* End XCBuildConfiguration section */

/* Begin XCConfigurationList section */
		2363C56C27D8785800A99F47 /* Build configuration list for PBXProject "camp" */ = {
			isa = XCConfigurationList;
			buildConfigurations = (
				2363C59927D8785900A99F47 /* Debug */,
				2363C59A27D8785900A99F47 /* Release */,
			);
			defaultConfigurationIsVisible = 0;
			defaultConfigurationName = Release;
		};
		2363C59B27D8785900A99F47 /* Build configuration list for PBXNativeTarget "camp" */ = {
			isa = XCConfigurationList;
			buildConfigurations = (
				2363C59C27D8785900A99F47 /* Debug */,
				2363C59D27D8785900A99F47 /* Release */,
			);
			defaultConfigurationIsVisible = 0;
			defaultConfigurationName = Release;
		};
		2363C59E27D8785900A99F47 /* Build configuration list for PBXNativeTarget "campTests" */ = {
			isa = XCConfigurationList;
			buildConfigurations = (
				2363C59F27D8785900A99F47 /* Debug */,
				2363C5A027D8785900A99F47 /* Release */,
			);
			defaultConfigurationIsVisible = 0;
			defaultConfigurationName = Release;
		};
		2363C5A127D8785900A99F47 /* Build configuration list for PBXNativeTarget "campUITests" */ = {
			isa = XCConfigurationList;
			buildConfigurations = (
				2363C5A227D8785900A99F47 /* Debug */,
				2363C5A327D8785900A99F47 /* Release */,
			);
			defaultConfigurationIsVisible = 0;
			defaultConfigurationName = Release;
		};
/* End XCConfigurationList section */
	};
	rootObject = 2363C56927D8785800A99F47 /* Project object */;
}
